
Microsoft Visual Studio Solution File, Format Version 12.00
# Visual Studio Version 17
VisualStudioVersion = 17.11.35222.181
MinimumVisualStudioVersion = 10.0.40219.1
Project("{FAE04EC0-301F-11D3-BF4B-00C04F79EFBC}") = "HelloDevopsGit", "HelloDevopsGit\HelloDevopsGit.csproj", "{16A8473A-A82D-4978-B9BF-87219211323C}"
EndProject
Global
	GlobalSection(SolutionConfigurationPlatforms) = preSolution
		Debug|Any CPU = Debug|Any CPU
		Release|Any CPU = Release|Any CPU
	EndGlobalSection
	GlobalSection(ProjectConfigurationPlatforms) = postSolution
		{16A8473A-A82D-4978-B9BF-87219211323C}.Debug|Any CPU.ActiveCfg = Debug|Any CPU
		{16A8473A-A82D-4978-B9BF-87219211323C}.Debug|Any CPU.Build.0 = Debug|Any CPU
		{16A8473A-A82D-4978-B9BF-87219211323C}.Release|Any CPU.ActiveCfg = Release|Any CPU
		{16A8473A-A82D-4978-B9BF-87219211323C}.Release|Any CPU.Build.0 = Release|Any CPU
	EndGlobalSection
	GlobalSection(SolutionProperties) = preSolution
		HideSolutionNode = FALSE
	EndGlobalSection
	GlobalSection(ExtensibilityGlobals) = postSolution
		SolutionGuid = {26EC9138-762A-4BF0-8B53-91030D5DCA0F}
	EndGlobalSection
EndGlobal
